// !$*UTF8*$!
{
	archiveVersion = 1;
	classes = {
	};
	objectVersion = 46;
	objects = {

/* Begin PBXBuildFile section */
		A95AA1131DBB894D00E23D23 /* AppDelegate.swift in Sources */ = {isa = PBXBuildFile; fileRef = A95AA1121DBB894D00E23D23 /* AppDelegate.swift */; };
		A95AA1151DBB894D00E23D23 /* ViewController.swift in Sources */ = {isa = PBXBuildFile; fileRef = A95AA1141DBB894D00E23D23 /* ViewController.swift */; };
		A95AA1181DBB894D00E23D23 /* Main.storyboard in Resources */ = {isa = PBXBuildFile; fileRef = A95AA1161DBB894D00E23D23 /* Main.storyboard */; };
		A95AA11B1DBB894D00E23D23 /* Park.xcdatamodeld in Sources */ = {isa = PBXBuildFile; fileRef = A95AA1191DBB894D00E23D23 /* Park.xcdatamodeld */; };
		A95AA11D1DBB894D00E23D23 /* Assets.xcassets in Resources */ = {isa = PBXBuildFile; fileRef = A95AA11C1DBB894D00E23D23 /* Assets.xcassets */; };
		A95AA1201DBB894D00E23D23 /* LaunchScreen.storyboard in Resources */ = {isa = PBXBuildFile; fileRef = A95AA11E1DBB894D00E23D23 /* LaunchScreen.storyboard */; };
		A95AA1281DBB8FF800E23D23 /* ParkAnnotationModel.swift in Sources */ = {isa = PBXBuildFile; fileRef = A95AA1271DBB8FF800E23D23 /* ParkAnnotationModel.swift */; };
		A95AA12C1DBBD9CC00E23D23 /* SettingsVCViewController.swift in Sources */ = {isa = PBXBuildFile; fileRef = A95AA12B1DBBD9CC00E23D23 /* SettingsVCViewController.swift */; };
		A95AA12F1DBDA21C00E23D23 /* CustomCell.swift in Sources */ = {isa = PBXBuildFile; fileRef = A95AA12E1DBDA21C00E23D23 /* CustomCell.swift */; };
		A95AA1361DBDA5B700E23D23 /* Car+CoreDataClass.swift in Sources */ = {isa = PBXBuildFile; fileRef = A95AA1301DBDA5B700E23D23 /* Car+CoreDataClass.swift */; };
		A95AA1371DBDA5B700E23D23 /* Car+CoreDataProperties.swift in Sources */ = {isa = PBXBuildFile; fileRef = A95AA1311DBDA5B700E23D23 /* Car+CoreDataProperties.swift */; };
		A95AA1381DBDA5B700E23D23 /* Image+CoreDataClass.swift in Sources */ = {isa = PBXBuildFile; fileRef = A95AA1321DBDA5B700E23D23 /* Image+CoreDataClass.swift */; };
		A95AA1391DBDA5B700E23D23 /* Image+CoreDataProperties.swift in Sources */ = {isa = PBXBuildFile; fileRef = A95AA1331DBDA5B700E23D23 /* Image+CoreDataProperties.swift */; };
		A95AA13A1DBDA5B700E23D23 /* ParkingSpot+CoreDataClass.swift in Sources */ = {isa = PBXBuildFile; fileRef = A95AA1341DBDA5B700E23D23 /* ParkingSpot+CoreDataClass.swift */; };
		A95AA13B1DBDA5B700E23D23 /* ParkingSpot+CoreDataProperties.swift in Sources */ = {isa = PBXBuildFile; fileRef = A95AA1351DBDA5B700E23D23 /* ParkingSpot+CoreDataProperties.swift */; };
/* End PBXBuildFile section */

/* Begin PBXFileReference section */
		A95AA10F1DBB894D00E23D23 /* Park.app */ = {isa = PBXFileReference; explicitFileType = wrapper.application; includeInIndex = 0; path = Park.app; sourceTree = BUILT_PRODUCTS_DIR; };
		A95AA1121DBB894D00E23D23 /* AppDelegate.swift */ = {isa = PBXFileReference; lastKnownFileType = sourcecode.swift; path = AppDelegate.swift; sourceTree = "<group>"; };
		A95AA1141DBB894D00E23D23 /* ViewController.swift */ = {isa = PBXFileReference; lastKnownFileType = sourcecode.swift; path = ViewController.swift; sourceTree = "<group>"; };
		A95AA1171DBB894D00E23D23 /* Base */ = {isa = PBXFileReference; lastKnownFileType = file.storyboard; name = Base; path = Base.lproj/Main.storyboard; sourceTree = "<group>"; };
		A95AA11A1DBB894D00E23D23 /* Park.xcdatamodel */ = {isa = PBXFileReference; lastKnownFileType = wrapper.xcdatamodel; path = Park.xcdatamodel; sourceTree = "<group>"; };
		A95AA11C1DBB894D00E23D23 /* Assets.xcassets */ = {isa = PBXFileReference; lastKnownFileType = folder.assetcatalog; path = Assets.xcassets; sourceTree = "<group>"; };
		A95AA11F1DBB894D00E23D23 /* Base */ = {isa = PBXFileReference; lastKnownFileType = file.storyboard; name = Base; path = Base.lproj/LaunchScreen.storyboard; sourceTree = "<group>"; };
		A95AA1211DBB894D00E23D23 /* Info.plist */ = {isa = PBXFileReference; lastKnownFileType = text.plist.xml; path = Info.plist; sourceTree = "<group>"; };
		A95AA1271DBB8FF800E23D23 /* ParkAnnotationModel.swift */ = {isa = PBXFileReference; fileEncoding = 4; lastKnownFileType = sourcecode.swift; path = ParkAnnotationModel.swift; sourceTree = "<group>"; };
		A95AA12B1DBBD9CC00E23D23 /* SettingsVCViewController.swift */ = {isa = PBXFileReference; fileEncoding = 4; lastKnownFileType = sourcecode.swift; path = SettingsVCViewController.swift; sourceTree = "<group>"; };
		A95AA12E1DBDA21C00E23D23 /* CustomCell.swift */ = {isa = PBXFileReference; fileEncoding = 4; lastKnownFileType = sourcecode.swift; path = CustomCell.swift; sourceTree = "<group>"; };
		A95AA1301DBDA5B700E23D23 /* Car+CoreDataClass.swift */ = {isa = PBXFileReference; fileEncoding = 4; lastKnownFileType = sourcecode.swift; name = "Car+CoreDataClass.swift"; path = "../Car+CoreDataClass.swift"; sourceTree = "<group>"; };
		A95AA1311DBDA5B700E23D23 /* Car+CoreDataProperties.swift */ = {isa = PBXFileReference; fileEncoding = 4; lastKnownFileType = sourcecode.swift; name = "Car+CoreDataProperties.swift"; path = "../Car+CoreDataProperties.swift"; sourceTree = "<group>"; };
		A95AA1321DBDA5B700E23D23 /* Image+CoreDataClass.swift */ = {isa = PBXFileReference; fileEncoding = 4; lastKnownFileType = sourcecode.swift; name = "Image+CoreDataClass.swift"; path = "../Image+CoreDataClass.swift"; sourceTree = "<group>"; };
		A95AA1331DBDA5B700E23D23 /* Image+CoreDataProperties.swift */ = {isa = PBXFileReference; fileEncoding = 4; lastKnownFileType = sourcecode.swift; name = "Image+CoreDataProperties.swift"; path = "../Image+CoreDataProperties.swift"; sourceTree = "<group>"; };
		A95AA1341DBDA5B700E23D23 /* ParkingSpot+CoreDataClass.swift */ = {isa = PBXFileReference; fileEncoding = 4; lastKnownFileType = sourcecode.swift; path = "ParkingSpot+CoreDataClass.swift"; sourceTree = SOURCE_ROOT; };
		A95AA1351DBDA5B700E23D23 /* ParkingSpot+CoreDataProperties.swift */ = {isa = PBXFileReference; fileEncoding = 4; lastKnownFileType = sourcecode.swift; path = "ParkingSpot+CoreDataProperties.swift"; sourceTree = SOURCE_ROOT; };
/* End PBXFileReference section */

/* Begin PBXFrameworksBuildPhase section */
		A95AA10C1DBB894D00E23D23 /* Frameworks */ = {
			isa = PBXFrameworksBuildPhase;
			buildActionMask = 2147483647;
			files = (
			);
			runOnlyForDeploymentPostprocessing = 0;
		};
/* End PBXFrameworksBuildPhase section */

/* Begin PBXGroup section */
		A95AA1061DBB894D00E23D23 = {
			isa = PBXGroup;
			children = (
				A95AA1111DBB894D00E23D23 /* Park */,
				A95AA1101DBB894D00E23D23 /* Products */,
			);
			sourceTree = "<group>";
		};
		A95AA1101DBB894D00E23D23 /* Products */ = {
			isa = PBXGroup;
			children = (
				A95AA10F1DBB894D00E23D23 /* Park.app */,
			);
			name = Products;
			sourceTree = "<group>";
		};
		A95AA1111DBB894D00E23D23 /* Park */ = {
			isa = PBXGroup;
			children = (
				A95AA1291DBB900400E23D23 /* Models */,
				A95AA12D1DBDA20400E23D23 /* Views */,
				A95AA12A1DBB901000E23D23 /* Controllers */,
				A95AA1121DBB894D00E23D23 /* AppDelegate.swift */,
				A95AA1161DBB894D00E23D23 /* Main.storyboard */,
				A95AA11C1DBB894D00E23D23 /* Assets.xcassets */,
				A95AA11E1DBB894D00E23D23 /* LaunchScreen.storyboard */,
				A95AA1211DBB894D00E23D23 /* Info.plist */,
				A95AA1191DBB894D00E23D23 /* Park.xcdatamodeld */,
			);
			path = Park;
			sourceTree = "<group>";
		};
		A95AA1291DBB900400E23D23 /* Models */ = {
			isa = PBXGroup;
			children = (
				A95AA13C1DBDA5EA00E23D23 /* Generated */,
				A95AA1301DBDA5B700E23D23 /* Car+CoreDataClass.swift */,
				A95AA1321DBDA5B700E23D23 /* Image+CoreDataClass.swift */,
				A95AA1341DBDA5B700E23D23 /* ParkingSpot+CoreDataClass.swift */,
				A95AA1271DBB8FF800E23D23 /* ParkAnnotationModel.swift */,
			);
			name = Models;
			sourceTree = "<group>";
		};
		A95AA12A1DBB901000E23D23 /* Controllers */ = {
			isa = PBXGroup;
			children = (
				A95AA1141DBB894D00E23D23 /* ViewController.swift */,
				A95AA12B1DBBD9CC00E23D23 /* SettingsVCViewController.swift */,
			);
			name = Controllers;
			sourceTree = "<group>";
		};
		A95AA12D1DBDA20400E23D23 /* Views */ = {
			isa = PBXGroup;
			children = (
				A95AA12E1DBDA21C00E23D23 /* CustomCell.swift */,
			);
			name = Views;
			sourceTree = "<group>";
		};
		A95AA13C1DBDA5EA00E23D23 /* Generated */ = {
			isa = PBXGroup;
			children = (
				A95AA1311DBDA5B700E23D23 /* Car+CoreDataProperties.swift */,
				A95AA1331DBDA5B700E23D23 /* Image+CoreDataProperties.swift */,
				A95AA1351DBDA5B700E23D23 /* ParkingSpot+CoreDataProperties.swift */,
			);
			name = Generated;
			sourceTree = "<group>";
		};
/* End PBXGroup section */

/* Begin PBXNativeTarget section */
		A95AA10E1DBB894D00E23D23 /* Park */ = {
			isa = PBXNativeTarget;
			buildConfigurationList = A95AA1241DBB894D00E23D23 /* Build configuration list for PBXNativeTarget "Park" */;
			buildPhases = (
				A95AA10B1DBB894D00E23D23 /* Sources */,
				A95AA10C1DBB894D00E23D23 /* Frameworks */,
				A95AA10D1DBB894D00E23D23 /* Resources */,
			);
			buildRules = (
			);
			dependencies = (
			);
			name = Park;
			productName = Park;
			productReference = A95AA10F1DBB894D00E23D23 /* Park.app */;
			productType = "com.apple.product-type.application";
		};
/* End PBXNativeTarget section */

/* Begin PBXProject section */
		A95AA1071DBB894D00E23D23 /* Project object */ = {
			isa = PBXProject;
			attributes = {
				LastSwiftUpdateCheck = 0800;
				LastUpgradeCheck = 0800;
				ORGANIZATIONNAME = "Brian Lane";
				TargetAttributes = {
					A95AA10E1DBB894D00E23D23 = {
						CreatedOnToolsVersion = 8.0;
						DevelopmentTeam = LAYLS44ZM3;
						ProvisioningStyle = Automatic;
					};
				};
			};
			buildConfigurationList = A95AA10A1DBB894D00E23D23 /* Build configuration list for PBXProject "Park" */;
			compatibilityVersion = "Xcode 3.2";
			developmentRegion = English;
			hasScannedForEncodings = 0;
			knownRegions = (
				en,
				Base,
			);
			mainGroup = A95AA1061DBB894D00E23D23;
			productRefGroup = A95AA1101DBB894D00E23D23 /* Products */;
			projectDirPath = "";
			projectRoot = "";
			targets = (
				A95AA10E1DBB894D00E23D23 /* Park */,
			);
		};
/* End PBXProject section */

/* Begin PBXResourcesBuildPhase section */
		A95AA10D1DBB894D00E23D23 /* Resources */ = {
			isa = PBXResourcesBuildPhase;
			buildActionMask = 2147483647;
			files = (
				A95AA1201DBB894D00E23D23 /* LaunchScreen.storyboard in Resources */,
				A95AA11D1DBB894D00E23D23 /* Assets.xcassets in Resources */,
				A95AA1181DBB894D00E23D23 /* Main.storyboard in Resources */,
			);
			runOnlyForDeploymentPostprocessing = 0;
		};
/* End PBXResourcesBuildPhase section */

/* Begin PBXSourcesBuildPhase section */
		A95AA10B1DBB894D00E23D23 /* Sources */ = {
			isa = PBXSourcesBuildPhase;
			buildActionMask = 2147483647;
			files = (
				A95AA1381DBDA5B700E23D23 /* Image+CoreDataClass.swift in Sources */,
				A95AA1391DBDA5B700E23D23 /* Image+CoreDataProperties.swift in Sources */,
				A95AA1371DBDA5B700E23D23 /* Car+CoreDataProperties.swift in Sources */,
				A95AA11B1DBB894D00E23D23 /* Park.xcdatamodeld in Sources */,
				A95AA13B1DBDA5B700E23D23 /* ParkingSpot+CoreDataProperties.swift in Sources */,
				A95AA12C1DBBD9CC00E23D23 /* SettingsVCViewController.swift in Sources */,
				A95AA13A1DBDA5B700E23D23 /* ParkingSpot+CoreDataClass.swift in Sources */,
				A95AA1151DBB894D00E23D23 /* ViewController.swift in Sources */,
				A95AA1361DBDA5B700E23D23 /* Car+CoreDataClass.swift in Sources */,
				A95AA1281DBB8FF800E23D23 /* ParkAnnotationModel.swift in Sources */,
				A95AA12F1DBDA21C00E23D23 /* CustomCell.swift in Sources */,
				A95AA1131DBB894D00E23D23 /* AppDelegate.swift in Sources */,
			);
			runOnlyForDeploymentPostprocessing = 0;
		};
/* End PBXSourcesBuildPhase section */

/* Begin PBXVariantGroup section */
		A95AA1161DBB894D00E23D23 /* Main.storyboard */ = {
			isa = PBXVariantGroup;
			children = (
				A95AA1171DBB894D00E23D23 /* Base */,
			);
			name = Main.storyboard;
			sourceTree = "<group>";
		};
		A95AA11E1DBB894D00E23D23 /* LaunchScreen.storyboard */ = {
			isa = PBXVariantGroup;
			children = (
				A95AA11F1DBB894D00E23D23 /* Base */,
			);
			name = LaunchScreen.storyboard;
			sourceTree = "<group>";
		};
/* End PBXVariantGroup section */

/* Begin XCBuildConfiguration section */
		A95AA1221DBB894D00E23D23 /* Debug */ = {
			isa = XCBuildConfiguration;
			buildSettings = {
				ALWAYS_SEARCH_USER_PATHS = NO;
				CLANG_ANALYZER_NONNULL = YES;
				CLANG_CXX_LANGUAGE_STANDARD = "gnu++0x";
				CLANG_CXX_LIBRARY = "libc++";
				CLANG_ENABLE_MODULES = YES;
				CLANG_ENABLE_OBJC_ARC = YES;
				CLANG_WARN_BOOL_CONVERSION = YES;
				CLANG_WARN_CONSTANT_CONVERSION = YES;
				CLANG_WARN_DIRECT_OBJC_ISA_USAGE = YES_ERROR;
				CLANG_WARN_DOCUMENTATION_COMMENTS = YES;
				CLANG_WARN_EMPTY_BODY = YES;
				CLANG_WARN_ENUM_CONVERSION = YES;
				CLANG_WARN_INFINITE_RECURSION = YES;
				CLANG_WARN_INT_CONVERSION = YES;
				CLANG_WARN_OBJC_ROOT_CLASS = YES_ERROR;
				CLANG_WARN_SUSPICIOUS_MOVES = YES;
				CLANG_WARN_UNREACHABLE_CODE = YES;
				CLANG_WARN__DUPLICATE_METHOD_MATCH = YES;
				"CODE_SIGN_IDENTITY[sdk=iphoneos*]" = "iPhone Developer";
				COPY_PHASE_STRIP = NO;
				DEBUG_INFORMATION_FORMAT = dwarf;
				ENABLE_STRICT_OBJC_MSGSEND = YES;
				ENABLE_TESTABILITY = YES;
				GCC_C_LANGUAGE_STANDARD = gnu99;
				GCC_DYNAMIC_NO_PIC = NO;
				GCC_NO_COMMON_BLOCKS = YES;
				GCC_OPTIMIZATION_LEVEL = 0;
				GCC_PREPROCESSOR_DEFINITIONS = (
					"DEBUG=1",
					"$(inherited)",
				);
				GCC_WARN_64_TO_32_BIT_CONVERSION = YES;
				GCC_WARN_ABOUT_RETURN_TYPE = YES_ERROR;
				GCC_WARN_UNDECLARED_SELECTOR = YES;
				GCC_WARN_UNINITIALIZED_AUTOS = YES_AGGRESSIVE;
				GCC_WARN_UNUSED_FUNCTION = YES;
				GCC_WARN_UNUSED_VARIABLE = YES;
				IPHONEOS_DEPLOYMENT_TARGET = 10.0;
				MTL_ENABLE_DEBUG_INFO = YES;
				ONLY_ACTIVE_ARCH = YES;
				SDKROOT = iphoneos;
				SWIFT_ACTIVE_COMPILATION_CONDITIONS = DEBUG;
				SWIFT_OPTIMIZATION_LEVEL = "-Onone";
			};
			name = Debug;
		};
		A95AA1231DBB894D00E23D23 /* Release */ = {
			isa = XCBuildConfiguration;
			buildSettings = {
				ALWAYS_SEARCH_USER_PATHS = NO;
				CLANG_ANALYZER_NONNULL = YES;
				CLANG_CXX_LANGUAGE_STANDARD = "gnu++0x";
				CLANG_CXX_LIBRARY = "libc++";
				CLANG_ENABLE_MODULES = YES;
				CLANG_ENABLE_OBJC_ARC = YES;
				CLANG_WARN_BOOL_CONVERSION = YES;
				CLANG_WARN_CONSTANT_CONVERSION = YES;
				CLANG_WARN_DIRECT_OBJC_ISA_USAGE = YES_ERROR;
				CLANG_WARN_DOCUMENTATION_COMMENTS = YES;
				CLANG_WARN_EMPTY_BODY = YES;
				CLANG_WARN_ENUM_CONVERSION = YES;
				CLANG_WARN_INFINITE_RECURSION = YES;
				CLANG_WARN_INT_CONVERSION = YES;
				CLANG_WARN_OBJC_ROOT_CLASS = YES_ERROR;
				CLANG_WARN_SUSPICIOUS_MOVES = YES;
				CLANG_WARN_UNREACHABLE_CODE = YES;
				CLANG_WARN__DUPLICATE_METHOD_MATCH = YES;
				"CODE_SIGN_IDENTITY[sdk=iphoneos*]" = "iPhone Developer";
				COPY_PHASE_STRIP = NO;
				DEBUG_INFORMATION_FORMAT = "dwarf-with-dsym";
				ENABLE_NS_ASSERTIONS = NO;
				ENABLE_STRICT_OBJC_MSGSEND = YES;
				GCC_C_LANGUAGE_STANDARD = gnu99;
				GCC_NO_COMMON_BLOCKS = YES;
				GCC_WARN_64_TO_32_BIT_CONVERSION = YES;
				GCC_WARN_ABOUT_RETURN_TYPE = YES_ERROR;
				GCC_WARN_UNDECLARED_SELECTOR = YES;
				GCC_WARN_UNINITIALIZED_AUTOS = YES_AGGRESSIVE;
				GCC_WARN_UNUSED_FUNCTION = YES;
				GCC_WARN_UNUSED_VARIABLE = YES;
				IPHONEOS_DEPLOYMENT_TARGET = 10.0;
				MTL_ENABLE_DEBUG_INFO = NO;
				SDKROOT = iphoneos;
				SWIFT_OPTIMIZATION_LEVEL = "-Owholemodule";
				VALIDATE_PRODUCT = YES;
			};
			name = Release;
		};
		A95AA1251DBB894D00E23D23 /* Debug */ = {
			isa = XCBuildConfiguration;
			buildSettings = {
				ASSETCATALOG_COMPILER_APPICON_NAME = AppIcon;
				DEVELOPMENT_TEAM = LAYLS44ZM3;
				INFOPLIST_FILE = Park/Info.plist;
				LD_RUNPATH_SEARCH_PATHS = "$(inherited) @executable_path/Frameworks";
				PRODUCT_BUNDLE_IDENTIFIER = com.bwlane.Park;
				PRODUCT_NAME = "$(TARGET_NAME)";
				SWIFT_VERSION = 3.0;
			};
			name = Debug;
		};
		A95AA1261DBB894D00E23D23 /* Release */ = {
			isa = XCBuildConfiguration;
			buildSettings = {
				ASSETCATALOG_COMPILER_APPICON_NAME = AppIcon;
				DEVELOPMENT_TEAM = LAYLS44ZM3;
				INFOPLIST_FILE = Park/Info.plist;
				LD_RUNPATH_SEARCH_PATHS = "$(inherited) @executable_path/Frameworks";
				PRODUCT_BUNDLE_IDENTIFIER = com.bwlane.Park;
				PRODUCT_NAME = "$(TARGET_NAME)";
				SWIFT_VERSION = 3.0;
			};
			name = Release;
		};
/* End XCBuildConfiguration section */

/* Begin XCConfigurationList section */
		A95AA10A1DBB894D00E23D23 /* Build configuration list for PBXProject "Park" */ = {
			isa = XCConfigurationList;
			buildConfigurations = (
				A95AA1221DBB894D00E23D23 /* Debug */,
				A95AA1231DBB894D00E23D23 /* Release */,
			);
			defaultConfigurationIsVisible = 0;
			defaultConfigurationName = Release;
		};
		A95AA1241DBB894D00E23D23 /* Build configuration list for PBXNativeTarget "Park" */ = {
			isa = XCConfigurationList;
			buildConfigurations = (
				A95AA1251DBB894D00E23D23 /* Debug */,
				A95AA1261DBB894D00E23D23 /* Release */,
			);
			defaultConfigurationIsVisible = 0;
			defaultConfigurationName = Release;
		};
/* End XCConfigurationList section */

/* Begin XCVersionGroup section */
		A95AA1191DBB894D00E23D23 /* Park.xcdatamodeld */ = {
			isa = XCVersionGroup;
			children = (
				A95AA11A1DBB894D00E23D23 /* Park.xcdatamodel */,
			);
			currentVersion = A95AA11A1DBB894D00E23D23 /* Park.xcdatamodel */;
			path = Park.xcdatamodeld;
			sourceTree = "<group>";
			versionGroupType = wrapper.xcdatamodel;
		};
/* End XCVersionGroup section */
	};
	rootObject = A95AA1071DBB894D00E23D23 /* Project object */;
}
